
Microsoft Visual Studio Solution File, Format Version 12.00
# Visual Studio Version 17
VisualStudioVersion = 17.4.33205.214
MinimumVisualStudioVersion = 10.0.40219.1
Project("{FAE04EC0-301F-11D3-BF4B-00C04F79EFBC}") = "IntegraInternacionalTest", "IntegraInternacionalTest\IntegraInternacionalTest.csproj", "{A820F0EF-03F9-46FD-AEA7-E454D47C9ACB}"
EndProject
Project("{FAE04EC0-301F-11D3-BF4B-00C04F79EFBC}") = "Shared", "Shared\Shared.csproj", "{58D25E8F-716B-4C4C-A25C-485DFB12409C}"
EndProject
Project("{FAE04EC0-301F-11D3-BF4B-00C04F79EFBC}") = "Data", "Data\Data.csproj", "{32AD7BA0-1836-411A-9896-0CBEDC82350F}"
EndProject
Project("{FAE04EC0-301F-11D3-BF4B-00C04F79EFBC}") = "DataAccess", "DataAccess\DataAccess.csproj", "{8C050B7D-27BF-47FF-B2F7-E57B10BBF4E2}"
EndProject
Project("{FAE04EC0-301F-11D3-BF4B-00C04F79EFBC}") = "Services", "Services\Services.csproj", "{F2261CC9-6BF5-429F-9911-7F4961446E2B}"
EndProject
Global
	GlobalSection(SolutionConfigurationPlatforms) = preSolution
		Debug|Any CPU = Debug|Any CPU
		Release|Any CPU = Release|Any CPU
	EndGlobalSection
	GlobalSection(ProjectConfigurationPlatforms) = postSolution
		{A820F0EF-03F9-46FD-AEA7-E454D47C9ACB}.Debug|Any CPU.ActiveCfg = Debug|Any CPU
		{A820F0EF-03F9-46FD-AEA7-E454D47C9ACB}.Debug|Any CPU.Build.0 = Debug|Any CPU
		{A820F0EF-03F9-46FD-AEA7-E454D47C9ACB}.Release|Any CPU.ActiveCfg = Release|Any CPU
		{A820F0EF-03F9-46FD-AEA7-E454D47C9ACB}.Release|Any CPU.Build.0 = Release|Any CPU
		{58D25E8F-716B-4C4C-A25C-485DFB12409C}.Debug|Any CPU.ActiveCfg = Debug|Any CPU
		{58D25E8F-716B-4C4C-A25C-485DFB12409C}.Debug|Any CPU.Build.0 = Debug|Any CPU
		{58D25E8F-716B-4C4C-A25C-485DFB12409C}.Release|Any CPU.ActiveCfg = Release|Any CPU
		{58D25E8F-716B-4C4C-A25C-485DFB12409C}.Release|Any CPU.Build.0 = Release|Any CPU
		{32AD7BA0-1836-411A-9896-0CBEDC82350F}.Debug|Any CPU.ActiveCfg = Debug|Any CPU
		{32AD7BA0-1836-411A-9896-0CBEDC82350F}.Debug|Any CPU.Build.0 = Debug|Any CPU
		{32AD7BA0-1836-411A-9896-0CBEDC82350F}.Release|Any CPU.ActiveCfg = Release|Any CPU
		{32AD7BA0-1836-411A-9896-0CBEDC82350F}.Release|Any CPU.Build.0 = Release|Any CPU
		{8C050B7D-27BF-47FF-B2F7-E57B10BBF4E2}.Debug|Any CPU.ActiveCfg = Debug|Any CPU
		{8C050B7D-27BF-47FF-B2F7-E57B10BBF4E2}.Debug|Any CPU.Build.0 = Debug|Any CPU
		{8C050B7D-27BF-47FF-B2F7-E57B10BBF4E2}.Release|Any CPU.ActiveCfg = Release|Any CPU
		{8C050B7D-27BF-47FF-B2F7-E57B10BBF4E2}.Release|Any CPU.Build.0 = Release|Any CPU
		{F2261CC9-6BF5-429F-9911-7F4961446E2B}.Debug|Any CPU.ActiveCfg = Debug|Any CPU
		{F2261CC9-6BF5-429F-9911-7F4961446E2B}.Debug|Any CPU.Build.0 = Debug|Any CPU
		{F2261CC9-6BF5-429F-9911-7F4961446E2B}.Release|Any CPU.ActiveCfg = Release|Any CPU
		{F2261CC9-6BF5-429F-9911-7F4961446E2B}.Release|Any CPU.Build.0 = Release|Any CPU
	EndGlobalSection
	GlobalSection(SolutionProperties) = preSolution
		HideSolutionNode = FALSE
	EndGlobalSection
	GlobalSection(ExtensibilityGlobals) = postSolution
		SolutionGuid = {9623A084-D410-453F-AA6A-A964F01437F8}
	EndGlobalSection
EndGlobal
